// !$*UTF8*$!
{
	archiveVersion = 1;
	classes = {
	};
	objectVersion = 56;
	objects = {

/* Begin PBXBuildFile section */
		AB045EFE2AAB6A2B007C723F /* AppDelegate.swift in Sources */ = {isa = PBXBuildFile; fileRef = AB045EFD2AAB6A2B007C723F /* AppDelegate.swift */; };
		AB045F002AAB6A2B007C723F /* SceneDelegate.swift in Sources */ = {isa = PBXBuildFile; fileRef = AB045EFF2AAB6A2B007C723F /* SceneDelegate.swift */; };
		AB045F022AAB6A2B007C723F /* ViewController.swift in Sources */ = {isa = PBXBuildFile; fileRef = AB045F012AAB6A2B007C723F /* ViewController.swift */; };
		AB045F072AAB6A2C007C723F /* Assets.xcassets in Resources */ = {isa = PBXBuildFile; fileRef = AB045F062AAB6A2C007C723F /* Assets.xcassets */; };
		AB045F0A2AAB6A2C007C723F /* LaunchScreen.storyboard in Resources */ = {isa = PBXBuildFile; fileRef = AB045F082AAB6A2C007C723F /* LaunchScreen.storyboard */; };
		AB045F122AAB6A54007C723F /* FeedViewController.swift in Sources */ = {isa = PBXBuildFile; fileRef = AB045F112AAB6A54007C723F /* FeedViewController.swift */; };
		AB045F142AAB6A63007C723F /* ProfileViewController.swift in Sources */ = {isa = PBXBuildFile; fileRef = AB045F132AAB6A63007C723F /* ProfileViewController.swift */; };
		AB045F162AAB7035007C723F /* Post.swift in Sources */ = {isa = PBXBuildFile; fileRef = AB045F152AAB7035007C723F /* Post.swift */; };
		AB045F182AAB706F007C723F /* PostViewController.swift in Sources */ = {isa = PBXBuildFile; fileRef = AB045F172AAB706F007C723F /* PostViewController.swift */; };
		AB045F1A2AAB7490007C723F /* InfoViewController.swift in Sources */ = {isa = PBXBuildFile; fileRef = AB045F192AAB7490007C723F /* InfoViewController.swift */; };
/* End PBXBuildFile section */

/* Begin PBXFileReference section */
		AB045EFA2AAB6A2B007C723F /* NavigationHW.app */ = {isa = PBXFileReference; explicitFileType = wrapper.application; includeInIndex = 0; path = NavigationHW.app; sourceTree = BUILT_PRODUCTS_DIR; };
		AB045EFD2AAB6A2B007C723F /* AppDelegate.swift */ = {isa = PBXFileReference; lastKnownFileType = sourcecode.swift; path = AppDelegate.swift; sourceTree = "<group>"; };
		AB045EFF2AAB6A2B007C723F /* SceneDelegate.swift */ = {isa = PBXFileReference; lastKnownFileType = sourcecode.swift; path = SceneDelegate.swift; sourceTree = "<group>"; };
		AB045F012AAB6A2B007C723F /* ViewController.swift */ = {isa = PBXFileReference; lastKnownFileType = sourcecode.swift; path = ViewController.swift; sourceTree = "<group>"; };
		AB045F062AAB6A2C007C723F /* Assets.xcassets */ = {isa = PBXFileReference; lastKnownFileType = folder.assetcatalog; path = Assets.xcassets; sourceTree = "<group>"; };
		AB045F092AAB6A2C007C723F /* Base */ = {isa = PBXFileReference; lastKnownFileType = file.storyboard; name = Base; path = Base.lproj/LaunchScreen.storyboard; sourceTree = "<group>"; };
		AB045F0B2AAB6A2C007C723F /* Info.plist */ = {isa = PBXFileReference; lastKnownFileType = text.plist.xml; path = Info.plist; sourceTree = "<group>"; };
		AB045F112AAB6A54007C723F /* FeedViewController.swift */ = {isa = PBXFileReference; lastKnownFileType = sourcecode.swift; path = FeedViewController.swift; sourceTree = "<group>"; };
		AB045F132AAB6A63007C723F /* ProfileViewController.swift */ = {isa = PBXFileReference; lastKnownFileType = sourcecode.swift; path = ProfileViewController.swift; sourceTree = "<group>"; };
		AB045F152AAB7035007C723F /* Post.swift */ = {isa = PBXFileReference; lastKnownFileType = sourcecode.swift; path = Post.swift; sourceTree = "<group>"; };
		AB045F172AAB706F007C723F /* PostViewController.swift */ = {isa = PBXFileReference; lastKnownFileType = sourcecode.swift; path = PostViewController.swift; sourceTree = "<group>"; };
		AB045F192AAB7490007C723F /* InfoViewController.swift */ = {isa = PBXFileReference; lastKnownFileType = sourcecode.swift; path = InfoViewController.swift; sourceTree = "<group>"; };
/* End PBXFileReference section */

/* Begin PBXFrameworksBuildPhase section */
		AB045EF72AAB6A2B007C723F /* Frameworks */ = {
			isa = PBXFrameworksBuildPhase;
			buildActionMask = 2147483647;
			files = (
			);
			runOnlyForDeploymentPostprocessing = 0;
		};
/* End PBXFrameworksBuildPhase section */

/* Begin PBXGroup section */
		AB045EF12AAB6A2B007C723F = {
			isa = PBXGroup;
			children = (
				AB045EFC2AAB6A2B007C723F /* NavigationHW */,
				AB045EFB2AAB6A2B007C723F /* Products */,
			);
			sourceTree = "<group>";
		};
		AB045EFB2AAB6A2B007C723F /* Products */ = {
			isa = PBXGroup;
			children = (
				AB045EFA2AAB6A2B007C723F /* NavigationHW.app */,
			);
			name = Products;
			sourceTree = "<group>";
		};
		AB045EFC2AAB6A2B007C723F /* NavigationHW */ = {
			isa = PBXGroup;
			children = (
				AB045EFD2AAB6A2B007C723F /* AppDelegate.swift */,
				AB045EFF2AAB6A2B007C723F /* SceneDelegate.swift */,
				AB045F012AAB6A2B007C723F /* ViewController.swift */,
				AB045F062AAB6A2C007C723F /* Assets.xcassets */,
				AB045F082AAB6A2C007C723F /* LaunchScreen.storyboard */,
				AB045F0B2AAB6A2C007C723F /* Info.plist */,
				AB045F112AAB6A54007C723F /* FeedViewController.swift */,
				AB045F132AAB6A63007C723F /* ProfileViewController.swift */,
				AB045F152AAB7035007C723F /* Post.swift */,
				AB045F172AAB706F007C723F /* PostViewController.swift */,
				AB045F192AAB7490007C723F /* InfoViewController.swift */,
			);
			path = NavigationHW;
			sourceTree = "<group>";
		};
/* End PBXGroup section */

/* Begin PBXNativeTarget section */
		AB045EF92AAB6A2B007C723F /* NavigationHW */ = {
			isa = PBXNativeTarget;
			buildConfigurationList = AB045F0E2AAB6A2C007C723F /* Build configuration list for PBXNativeTarget "NavigationHW" */;
			buildPhases = (
				AB045EF62AAB6A2B007C723F /* Sources */,
				AB045EF72AAB6A2B007C723F /* Frameworks */,
				AB045EF82AAB6A2B007C723F /* Resources */,
			);
			buildRules = (
			);
			dependencies = (
			);
			name = NavigationHW;
			productName = NavigationHW;
			productReference = AB045EFA2AAB6A2B007C723F /* NavigationHW.app */;
			productType = "com.apple.product-type.application";
		};
/* End PBXNativeTarget section */

/* Begin PBXProject section */
		AB045EF22AAB6A2B007C723F /* Project object */ = {
			isa = PBXProject;
			attributes = {
				BuildIndependentTargetsInParallel = 1;
				LastSwiftUpdateCheck = 1430;
				LastUpgradeCheck = 1430;
				TargetAttributes = {
					AB045EF92AAB6A2B007C723F = {
						CreatedOnToolsVersion = 14.3.1;
					};
				};
			};
			buildConfigurationList = AB045EF52AAB6A2B007C723F /* Build configuration list for PBXProject "NavigationHW" */;
			compatibilityVersion = "Xcode 14.0";
			developmentRegion = en;
			hasScannedForEncodings = 0;
			knownRegions = (
				en,
				Base,
			);
			mainGroup = AB045EF12AAB6A2B007C723F;
			productRefGroup = AB045EFB2AAB6A2B007C723F /* Products */;
			projectDirPath = "";
			projectRoot = "";
			targets = (
				AB045EF92AAB6A2B007C723F /* NavigationHW */,
			);
		};
/* End PBXProject section */

/* Begin PBXResourcesBuildPhase section */
		AB045EF82AAB6A2B007C723F /* Resources */ = {
			isa = PBXResourcesBuildPhase;
			buildActionMask = 2147483647;
			files = (
				AB045F0A2AAB6A2C007C723F /* LaunchScreen.storyboard in Resources */,
				AB045F072AAB6A2C007C723F /* Assets.xcassets in Resources */,
			);
			runOnlyForDeploymentPostprocessing = 0;
		};
/* End PBXResourcesBuildPhase section */

/* Begin PBXSourcesBuildPhase section */
		AB045EF62AAB6A2B007C723F /* Sources */ = {
			isa = PBXSourcesBuildPhase;
			buildActionMask = 2147483647;
			files = (
				AB045F022AAB6A2B007C723F /* ViewController.swift in Sources */,
				AB045EFE2AAB6A2B007C723F /* AppDelegate.swift in Sources */,
				AB045F182AAB706F007C723F /* PostViewController.swift in Sources */,
				AB045F142AAB6A63007C723F /* ProfileViewController.swift in Sources */,
				AB045F162AAB7035007C723F /* Post.swift in Sources */,
				AB045F122AAB6A54007C723F /* FeedViewController.swift in Sources */,
				AB045F1A2AAB7490007C723F /* InfoViewController.swift in Sources */,
				AB045F002AAB6A2B007C723F /* SceneDelegate.swift in Sources */,
			);
			runOnlyForDeploymentPostprocessing = 0;
		};
/* End PBXSourcesBuildPhase section */

/* Begin PBXVariantGroup section */
		AB045F082AAB6A2C007C723F /* LaunchScreen.storyboard */ = {
			isa = PBXVariantGroup;
			children = (
				AB045F092AAB6A2C007C723F /* Base */,
			);
			name = LaunchScreen.storyboard;
			sourceTree = "<group>";
		};
/* End PBXVariantGroup section */

/* Begin XCBuildConfiguration section */
		AB045F0C2AAB6A2C007C723F /* Debug */ = {
			isa = XCBuildConfiguration;
			buildSettings = {
				ALWAYS_SEARCH_USER_PATHS = NO;
				CLANG_ANALYZER_NONNULL = YES;
				CLANG_ANALYZER_NUMBER_OBJECT_CONVERSION = YES_AGGRESSIVE;
				CLANG_CXX_LANGUAGE_STANDARD = "gnu++20";
				CLANG_ENABLE_MODULES = YES;
				CLANG_ENABLE_OBJC_ARC = YES;
				CLANG_ENABLE_OBJC_WEAK = YES;
				CLANG_WARN_BLOCK_CAPTURE_AUTORELEASING = YES;
				CLANG_WARN_BOOL_CONVERSION = YES;
				CLANG_WARN_COMMA = YES;
				CLANG_WARN_CONSTANT_CONVERSION = YES;
				CLANG_WARN_DEPRECATED_OBJC_IMPLEMENTATIONS = YES;
				CLANG_WARN_DIRECT_OBJC_ISA_USAGE = YES_ERROR;
				CLANG_WARN_DOCUMENTATION_COMMENTS = YES;
				CLANG_WARN_EMPTY_BODY = YES;
				CLANG_WARN_ENUM_CONVERSION = YES;
				CLANG_WARN_INFINITE_RECURSION = YES;
				CLANG_WARN_INT_CONVERSION = YES;
				CLANG_WARN_NON_LITERAL_NULL_CONVERSION = YES;
				CLANG_WARN_OBJC_IMPLICIT_RETAIN_SELF = YES;
				CLANG_WARN_OBJC_LITERAL_CONVERSION = YES;
				CLANG_WARN_OBJC_ROOT_CLASS = YES_ERROR;
				CLANG_WARN_QUOTED_INCLUDE_IN_FRAMEWORK_HEADER = YES;
				CLANG_WARN_RANGE_LOOP_ANALYSIS = YES;
				CLANG_WARN_STRICT_PROTOTYPES = YES;
				CLANG_WARN_SUSPICIOUS_MOVE = YES;
				CLANG_WARN_UNGUARDED_AVAILABILITY = YES_AGGRESSIVE;
				CLANG_WARN_UNREACHABLE_CODE = YES;
				CLANG_WARN__DUPLICATE_METHOD_MATCH = YES;
				COPY_PHASE_STRIP = NO;
				DEBUG_INFORMATION_FORMAT = dwarf;
				ENABLE_STRICT_OBJC_MSGSEND = YES;
				ENABLE_TESTABILITY = YES;
				GCC_C_LANGUAGE_STANDARD = gnu11;
				GCC_DYNAMIC_NO_PIC = NO;
				GCC_NO_COMMON_BLOCKS = YES;
				GCC_OPTIMIZATION_LEVEL = 0;
				GCC_PREPROCESSOR_DEFINITIONS = (
					"DEBUG=1",
					"$(inherited)",
				);
				GCC_WARN_64_TO_32_BIT_CONVERSION = YES;
				GCC_WARN_ABOUT_RETURN_TYPE = YES_ERROR;
				GCC_WARN_UNDECLARED_SELECTOR = YES;
				GCC_WARN_UNINITIALIZED_AUTOS = YES_AGGRESSIVE;
				GCC_WARN_UNUSED_FUNCTION = YES;
				GCC_WARN_UNUSED_VARIABLE = YES;
				IPHONEOS_DEPLOYMENT_TARGET = 16.4;
				MTL_ENABLE_DEBUG_INFO = INCLUDE_SOURCE;
				MTL_FAST_MATH = YES;
				ONLY_ACTIVE_ARCH = YES;
				SDKROOT = iphoneos;
				SWIFT_ACTIVE_COMPILATION_CONDITIONS = DEBUG;
				SWIFT_OPTIMIZATION_LEVEL = "-Onone";
			};
			name = Debug;
		};
		AB045F0D2AAB6A2C007C723F /* Release */ = {
			isa = XCBuildConfiguration;
			buildSettings = {
				ALWAYS_SEARCH_USER_PATHS = NO;
				CLANG_ANALYZER_NONNULL = YES;
				CLANG_ANALYZER_NUMBER_OBJECT_CONVERSION = YES_AGGRESSIVE;
				CLANG_CXX_LANGUAGE_STANDARD = "gnu++20";
				CLANG_ENABLE_MODULES = YES;
				CLANG_ENABLE_OBJC_ARC = YES;
				CLANG_ENABLE_OBJC_WEAK = YES;
				CLANG_WARN_BLOCK_CAPTURE_AUTORELEASING = YES;
				CLANG_WARN_BOOL_CONVERSION = YES;
				CLANG_WARN_COMMA = YES;
				CLANG_WARN_CONSTANT_CONVERSION = YES;
				CLANG_WARN_DEPRECATED_OBJC_IMPLEMENTATIONS = YES;
				CLANG_WARN_DIRECT_OBJC_ISA_USAGE = YES_ERROR;
				CLANG_WARN_DOCUMENTATION_COMMENTS = YES;
				CLANG_WARN_EMPTY_BODY = YES;
				CLANG_WARN_ENUM_CONVERSION = YES;
				CLANG_WARN_INFINITE_RECURSION = YES;
				CLANG_WARN_INT_CONVERSION = YES;
				CLANG_WARN_NON_LITERAL_NULL_CONVERSION = YES;
				CLANG_WARN_OBJC_IMPLICIT_RETAIN_SELF = YES;
				CLANG_WARN_OBJC_LITERAL_CONVERSION = YES;
				CLANG_WARN_OBJC_ROOT_CLASS = YES_ERROR;
				CLANG_WARN_QUOTED_INCLUDE_IN_FRAMEWORK_HEADER = YES;
				CLANG_WARN_RANGE_LOOP_ANALYSIS = YES;
				CLANG_WARN_STRICT_PROTOTYPES = YES;
				CLANG_WARN_SUSPICIOUS_MOVE = YES;
				CLANG_WARN_UNGUARDED_AVAILABILITY = YES_AGGRESSIVE;
				CLANG_WARN_UNREACHABLE_CODE = YES;
				CLANG_WARN__DUPLICATE_METHOD_MATCH = YES;
				COPY_PHASE_STRIP = NO;
				DEBUG_INFORMATION_FORMAT = "dwarf-with-dsym";
				ENABLE_NS_ASSERTIONS = NO;
				ENABLE_STRICT_OBJC_MSGSEND = YES;
				GCC_C_LANGUAGE_STANDARD = gnu11;
				GCC_NO_COMMON_BLOCKS = YES;
				GCC_WARN_64_TO_32_BIT_CONVERSION = YES;
				GCC_WARN_ABOUT_RETURN_TYPE = YES_ERROR;
				GCC_WARN_UNDECLARED_SELECTOR = YES;
				GCC_WARN_UNINITIALIZED_AUTOS = YES_AGGRESSIVE;
				GCC_WARN_UNUSED_FUNCTION = YES;
				GCC_WARN_UNUSED_VARIABLE = YES;
				IPHONEOS_DEPLOYMENT_TARGET = 16.4;
				MTL_ENABLE_DEBUG_INFO = NO;
				MTL_FAST_MATH = YES;
				SDKROOT = iphoneos;
				SWIFT_COMPILATION_MODE = wholemodule;
				SWIFT_OPTIMIZATION_LEVEL = "-O";
				VALIDATE_PRODUCT = YES;
			};
			name = Release;
		};
		AB045F0F2AAB6A2C007C723F /* Debug */ = {
			isa = XCBuildConfiguration;
			buildSettings = {
				ASSETCATALOG_COMPILER_APPICON_NAME = AppIcon;
				ASSETCATALOG_COMPILER_GLOBAL_ACCENT_COLOR_NAME = AccentColor;
				CODE_SIGN_STYLE = Automatic;
				CURRENT_PROJECT_VERSION = 1;
				GENERATE_INFOPLIST_FILE = YES;
				INFOPLIST_FILE = NavigationHW/Info.plist;
				INFOPLIST_KEY_UIApplicationSupportsIndirectInputEvents = YES;
				INFOPLIST_KEY_UILaunchStoryboardName = LaunchScreen;
				INFOPLIST_KEY_UISupportedInterfaceOrientations_iPad = "UIInterfaceOrientationPortrait UIInterfaceOrientationPortraitUpsideDown UIInterfaceOrientationLandscapeLeft UIInterfaceOrientationLandscapeRight";
				INFOPLIST_KEY_UISupportedInterfaceOrientations_iPhone = "UIInterfaceOrientationPortrait UIInterfaceOrientationLandscapeLeft UIInterfaceOrientationLandscapeRight";
				LD_RUNPATH_SEARCH_PATHS = (
					"$(inherited)",
					"@executable_path/Frameworks",
				);
				MARKETING_VERSION = 1.0;
				PRODUCT_BUNDLE_IDENTIFIER = com.peachenin.first.NavigationHW;
				PRODUCT_NAME = "$(TARGET_NAME)";
				SWIFT_EMIT_LOC_STRINGS = YES;
				SWIFT_VERSION = 5.0;
				TARGETED_DEVICE_FAMILY = "1,2";
			};
			name = Debug;
		};
		AB045F102AAB6A2C007C723F /* Release */ = {
			isa = XCBuildConfiguration;
			buildSettings = {
				ASSETCATALOG_COMPILER_APPICON_NAME = AppIcon;
				ASSETCATALOG_COMPILER_GLOBAL_ACCENT_COLOR_NAME = AccentColor;
				CODE_SIGN_STYLE = Automatic;
				CURRENT_PROJECT_VERSION = 1;
				GENERATE_INFOPLIST_FILE = YES;
				INFOPLIST_FILE = NavigationHW/Info.plist;
				INFOPLIST_KEY_UIApplicationSupportsIndirectInputEvents = YES;
				INFOPLIST_KEY_UILaunchStoryboardName = LaunchScreen;
				INFOPLIST_KEY_UISupportedInterfaceOrientations_iPad = "UIInterfaceOrientationPortrait UIInterfaceOrientationPortraitUpsideDown UIInterfaceOrientationLandscapeLeft UIInterfaceOrientationLandscapeRight";
				INFOPLIST_KEY_UISupportedInterfaceOrientations_iPhone = "UIInterfaceOrientationPortrait UIInterfaceOrientationLandscapeLeft UIInterfaceOrientationLandscapeRight";
				LD_RUNPATH_SEARCH_PATHS = (
					"$(inherited)",
					"@executable_path/Frameworks",
				);
				MARKETING_VERSION = 1.0;
				PRODUCT_BUNDLE_IDENTIFIER = com.peachenin.first.NavigationHW;
				PRODUCT_NAME = "$(TARGET_NAME)";
				SWIFT_EMIT_LOC_STRINGS = YES;
				SWIFT_VERSION = 5.0;
				TARGETED_DEVICE_FAMILY = "1,2";
			};
			name = Release;
		};
/* End XCBuildConfiguration section */

/* Begin XCConfigurationList section */
		AB045EF52AAB6A2B007C723F /* Build configuration list for PBXProject "NavigationHW" */ = {
			isa = XCConfigurationList;
			buildConfigurations = (
				AB045F0C2AAB6A2C007C723F /* Debug */,
				AB045F0D2AAB6A2C007C723F /* Release */,
			);
			defaultConfigurationIsVisible = 0;
			defaultConfigurationName = Release;
		};
		AB045F0E2AAB6A2C007C723F /* Build configuration list for PBXNativeTarget "NavigationHW" */ = {
			isa = XCConfigurationList;
			buildConfigurations = (
				AB045F0F2AAB6A2C007C723F /* Debug */,
				AB045F102AAB6A2C007C723F /* Release */,
			);
			defaultConfigurationIsVisible = 0;
			defaultConfigurationName = Release;
		};
/* End XCConfigurationList section */
	};
	rootObject = AB045EF22AAB6A2B007C723F /* Project object */;
}
